
Microsoft Visual Studio Solution File, Format Version 12.00
# Visual Studio Version 17
VisualStudioVersion = 17.11.35312.102
MinimumVisualStudioVersion = 10.0.40219.1
Project("{2150E333-8FDC-42A3-9474-1A3956D46DE8}") = "Core", "Core", "{5DCE4529-6691-4555-B4F2-C22BF9C5914B}"
EndProject
Project("{2150E333-8FDC-42A3-9474-1A3956D46DE8}") = "src", "src", "{5C3AD25E-232A-4BE7-9A59-6EA7A5006264}"
EndProject
Project("{2150E333-8FDC-42A3-9474-1A3956D46DE8}") = "testes", "testes", "{0E70512C-E9E2-4396-B608-AAB932EE19A8}"
EndProject
Project("{9A19103F-16F7-4668-BE54-9A1E7A4F7556}") = "FoodOrder.Application", "src\Core\Application\FoodOrder.Application.csproj", "{5D933F70-4E88-41F9-9D08-49FB5A7E1EA3}"
EndProject
Project("{9A19103F-16F7-4668-BE54-9A1E7A4F7556}") = "FoodOrder.Domain", "src\Core\Domain\FoodOrder.Domain.csproj", "{E247FA2F-0940-4959-83ED-D76357E2AFCE}"
EndProject
Project("{E53339B2-1760-4266-BCC7-CA923CBCF16C}") = "docker-compose", "docker-compose.dcproj", "{525CD7ED-CBD3-4360-97A3-4FA224BAD745}"
EndProject
Project("{2150E333-8FDC-42A3-9474-1A3956D46DE8}") = "Domain", "Domain", "{CB80313A-B609-4915-9C98-94A260FD120E}"
EndProject
Project("{2150E333-8FDC-42A3-9474-1A3956D46DE8}") = "Aplication", "Aplication", "{534EB0B0-FD50-43EC-8D12-C322800764BB}"
EndProject
Project("{2150E333-8FDC-42A3-9474-1A3956D46DE8}") = "Infrastructure", "Infrastructure", "{E110729E-0D8E-43CF-835A-1DB24C79373E}"
EndProject
Project("{2150E333-8FDC-42A3-9474-1A3956D46DE8}") = "Presentation", "Presentation", "{7945D448-7F6A-4C78-8138-4616FE441FB1}"
EndProject
Project("{9A19103F-16F7-4668-BE54-9A1E7A4F7556}") = "FoodOrder.API", "src\Presentation\API\FoodOrder.API.csproj", "{74FED03D-5157-45F3-AEDE-B141C6DD16CD}"
EndProject
Project("{9A19103F-16F7-4668-BE54-9A1E7A4F7556}") = "FoodOrder.Data", "src\Infrastructure\Infra.Data\FoodOrder.Data.csproj", "{EFCFE594-5A89-4D29-8C37-EF07A3DCAB74}"
EndProject
Global
	GlobalSection(SolutionConfigurationPlatforms) = preSolution
		Debug|Any CPU = Debug|Any CPU
		Release|Any CPU = Release|Any CPU
	EndGlobalSection
	GlobalSection(ProjectConfigurationPlatforms) = postSolution
		{5D933F70-4E88-41F9-9D08-49FB5A7E1EA3}.Debug|Any CPU.ActiveCfg = Debug|Any CPU
		{5D933F70-4E88-41F9-9D08-49FB5A7E1EA3}.Debug|Any CPU.Build.0 = Debug|Any CPU
		{5D933F70-4E88-41F9-9D08-49FB5A7E1EA3}.Release|Any CPU.ActiveCfg = Release|Any CPU
		{5D933F70-4E88-41F9-9D08-49FB5A7E1EA3}.Release|Any CPU.Build.0 = Release|Any CPU
		{E247FA2F-0940-4959-83ED-D76357E2AFCE}.Debug|Any CPU.ActiveCfg = Debug|Any CPU
		{E247FA2F-0940-4959-83ED-D76357E2AFCE}.Debug|Any CPU.Build.0 = Debug|Any CPU
		{E247FA2F-0940-4959-83ED-D76357E2AFCE}.Release|Any CPU.ActiveCfg = Release|Any CPU
		{E247FA2F-0940-4959-83ED-D76357E2AFCE}.Release|Any CPU.Build.0 = Release|Any CPU
		{525CD7ED-CBD3-4360-97A3-4FA224BAD745}.Debug|Any CPU.ActiveCfg = Debug|Any CPU
		{525CD7ED-CBD3-4360-97A3-4FA224BAD745}.Debug|Any CPU.Build.0 = Debug|Any CPU
		{525CD7ED-CBD3-4360-97A3-4FA224BAD745}.Release|Any CPU.ActiveCfg = Release|Any CPU
		{525CD7ED-CBD3-4360-97A3-4FA224BAD745}.Release|Any CPU.Build.0 = Release|Any CPU
		{74FED03D-5157-45F3-AEDE-B141C6DD16CD}.Debug|Any CPU.ActiveCfg = Debug|Any CPU
		{74FED03D-5157-45F3-AEDE-B141C6DD16CD}.Debug|Any CPU.Build.0 = Debug|Any CPU
		{74FED03D-5157-45F3-AEDE-B141C6DD16CD}.Release|Any CPU.ActiveCfg = Release|Any CPU
		{74FED03D-5157-45F3-AEDE-B141C6DD16CD}.Release|Any CPU.Build.0 = Release|Any CPU
		{EFCFE594-5A89-4D29-8C37-EF07A3DCAB74}.Debug|Any CPU.ActiveCfg = Debug|Any CPU
		{EFCFE594-5A89-4D29-8C37-EF07A3DCAB74}.Debug|Any CPU.Build.0 = Debug|Any CPU
		{EFCFE594-5A89-4D29-8C37-EF07A3DCAB74}.Release|Any CPU.ActiveCfg = Release|Any CPU
		{EFCFE594-5A89-4D29-8C37-EF07A3DCAB74}.Release|Any CPU.Build.0 = Release|Any CPU
	EndGlobalSection
	GlobalSection(SolutionProperties) = preSolution
		HideSolutionNode = FALSE
	EndGlobalSection
	GlobalSection(NestedProjects) = preSolution
		{5DCE4529-6691-4555-B4F2-C22BF9C5914B} = {5C3AD25E-232A-4BE7-9A59-6EA7A5006264}
		{5D933F70-4E88-41F9-9D08-49FB5A7E1EA3} = {534EB0B0-FD50-43EC-8D12-C322800764BB}
		{E247FA2F-0940-4959-83ED-D76357E2AFCE} = {CB80313A-B609-4915-9C98-94A260FD120E}
		{CB80313A-B609-4915-9C98-94A260FD120E} = {5DCE4529-6691-4555-B4F2-C22BF9C5914B}
		{534EB0B0-FD50-43EC-8D12-C322800764BB} = {5DCE4529-6691-4555-B4F2-C22BF9C5914B}
		{E110729E-0D8E-43CF-835A-1DB24C79373E} = {5C3AD25E-232A-4BE7-9A59-6EA7A5006264}
		{7945D448-7F6A-4C78-8138-4616FE441FB1} = {5C3AD25E-232A-4BE7-9A59-6EA7A5006264}
		{74FED03D-5157-45F3-AEDE-B141C6DD16CD} = {7945D448-7F6A-4C78-8138-4616FE441FB1}
		{EFCFE594-5A89-4D29-8C37-EF07A3DCAB74} = {E110729E-0D8E-43CF-835A-1DB24C79373E}
	EndGlobalSection
	GlobalSection(ExtensibilityGlobals) = postSolution
		SolutionGuid = {861AA798-E22B-42A6-B943-E39ECF834F3F}
	EndGlobalSection
EndGlobal
